
Microsoft Visual Studio Solution File, Format Version 12.00
# Visual Studio Version 17
VisualStudioVersion = 17.0.31903.59
MinimumVisualStudioVersion = 10.0.40219.1
Project("{2150E333-8FDC-42A3-9474-1A3956D46DE8}") = "App", "App", "{F95F473B-E98A-ACD6-1986-755F447BE36F}"
EndProject
Project("{FAE04EC0-301F-11D3-BF4B-00C04F79EFBC}") = "MochiV2", "App\MochiV2.csproj", "{F7ED9785-AC04-4DDE-BB12-7EDCE4A5B265}"
EndProject
Project("{2150E333-8FDC-42A3-9474-1A3956D46DE8}") = "tests", "tests", "{0AB3BF05-4346-4AA6-1389-037BE0695223}"
EndProject
Project("{FAE04EC0-301F-11D3-BF4B-00C04F79EFBC}") = "MochiV2.Tests", "tests\MochiV2.Tests.csproj", "{1F465065-8C4B-4B5B-BD61-EFA439BB3271}"
EndProject
Project("{FAE04EC0-301F-11D3-BF4B-00C04F79EFBC}") = "tests-core", "tests-core\tests-core.csproj", "{2F10F1A6-E6F5-4786-ABF7-C872E23965B5}"
EndProject
Global
	GlobalSection(SolutionConfigurationPlatforms) = preSolution
		Debug|Any CPU = Debug|Any CPU
		Debug|x64 = Debug|x64
		Debug|x86 = Debug|x86
		Release|Any CPU = Release|Any CPU
		Release|x64 = Release|x64
		Release|x86 = Release|x86
	EndGlobalSection
	GlobalSection(ProjectConfigurationPlatforms) = postSolution
		{F7ED9785-AC04-4DDE-BB12-7EDCE4A5B265}.Debug|Any CPU.ActiveCfg = Debug|Any CPU
		{F7ED9785-AC04-4DDE-BB12-7EDCE4A5B265}.Debug|Any CPU.Build.0 = Debug|Any CPU
		{F7ED9785-AC04-4DDE-BB12-7EDCE4A5B265}.Debug|x64.ActiveCfg = Debug|Any CPU
		{F7ED9785-AC04-4DDE-BB12-7EDCE4A5B265}.Debug|x64.Build.0 = Debug|Any CPU
		{F7ED9785-AC04-4DDE-BB12-7EDCE4A5B265}.Debug|x86.ActiveCfg = Debug|Any CPU
		{F7ED9785-AC04-4DDE-BB12-7EDCE4A5B265}.Debug|x86.Build.0 = Debug|Any CPU
		{F7ED9785-AC04-4DDE-BB12-7EDCE4A5B265}.Release|Any CPU.ActiveCfg = Release|Any CPU
		{F7ED9785-AC04-4DDE-BB12-7EDCE4A5B265}.Release|Any CPU.Build.0 = Release|Any CPU
		{F7ED9785-AC04-4DDE-BB12-7EDCE4A5B265}.Release|x64.ActiveCfg = Release|Any CPU
		{F7ED9785-AC04-4DDE-BB12-7EDCE4A5B265}.Release|x64.Build.0 = Release|Any CPU
		{F7ED9785-AC04-4DDE-BB12-7EDCE4A5B265}.Release|x86.ActiveCfg = Release|Any CPU
		{F7ED9785-AC04-4DDE-BB12-7EDCE4A5B265}.Release|x86.Build.0 = Release|Any CPU
		{1F465065-8C4B-4B5B-BD61-EFA439BB3271}.Debug|Any CPU.ActiveCfg = Debug|Any CPU
		{1F465065-8C4B-4B5B-BD61-EFA439BB3271}.Debug|Any CPU.Build.0 = Debug|Any CPU
		{1F465065-8C4B-4B5B-BD61-EFA439BB3271}.Debug|x64.ActiveCfg = Debug|Any CPU
		{1F465065-8C4B-4B5B-BD61-EFA439BB3271}.Debug|x64.Build.0 = Debug|Any CPU
		{1F465065-8C4B-4B5B-BD61-EFA439BB3271}.Debug|x86.ActiveCfg = Debug|Any CPU
		{1F465065-8C4B-4B5B-BD61-EFA439BB3271}.Debug|x86.Build.0 = Debug|Any CPU
		{1F465065-8C4B-4B5B-BD61-EFA439BB3271}.Release|Any CPU.ActiveCfg = Release|Any CPU
		{1F465065-8C4B-4B5B-BD61-EFA439BB3271}.Release|Any CPU.Build.0 = Release|Any CPU
		{1F465065-8C4B-4B5B-BD61-EFA439BB3271}.Release|x64.ActiveCfg = Release|Any CPU
		{1F465065-8C4B-4B5B-BD61-EFA439BB3271}.Release|x64.Build.0 = Release|Any CPU
		{1F465065-8C4B-4B5B-BD61-EFA439BB3271}.Release|x86.ActiveCfg = Release|Any CPU
		{1F465065-8C4B-4B5B-BD61-EFA439BB3271}.Release|x86.Build.0 = Release|Any CPU
		{2F10F1A6-E6F5-4786-ABF7-C872E23965B5}.Debug|Any CPU.ActiveCfg = Debug|Any CPU
		{2F10F1A6-E6F5-4786-ABF7-C872E23965B5}.Debug|Any CPU.Build.0 = Debug|Any CPU
		{2F10F1A6-E6F5-4786-ABF7-C872E23965B5}.Debug|x64.ActiveCfg = Debug|Any CPU
		{2F10F1A6-E6F5-4786-ABF7-C872E23965B5}.Debug|x64.Build.0 = Debug|Any CPU
		{2F10F1A6-E6F5-4786-ABF7-C872E23965B5}.Debug|x86.ActiveCfg = Debug|Any CPU
		{2F10F1A6-E6F5-4786-ABF7-C872E23965B5}.Debug|x86.Build.0 = Debug|Any CPU
		{2F10F1A6-E6F5-4786-ABF7-C872E23965B5}.Release|Any CPU.ActiveCfg = Release|Any CPU
		{2F10F1A6-E6F5-4786-ABF7-C872E23965B5}.Release|Any CPU.Build.0 = Release|Any CPU
		{2F10F1A6-E6F5-4786-ABF7-C872E23965B5}.Release|x64.ActiveCfg = Release|Any CPU
		{2F10F1A6-E6F5-4786-ABF7-C872E23965B5}.Release|x64.Build.0 = Release|Any CPU
		{2F10F1A6-E6F5-4786-ABF7-C872E23965B5}.Release|x86.ActiveCfg = Release|Any CPU
		{2F10F1A6-E6F5-4786-ABF7-C872E23965B5}.Release|x86.Build.0 = Release|Any CPU
	EndGlobalSection
	GlobalSection(SolutionProperties) = preSolution
		HideSolutionNode = FALSE
	EndGlobalSection
	GlobalSection(NestedProjects) = preSolution
		{F7ED9785-AC04-4DDE-BB12-7EDCE4A5B265} = {F95F473B-E98A-ACD6-1986-755F447BE36F}
		{1F465065-8C4B-4B5B-BD61-EFA439BB3271} = {0AB3BF05-4346-4AA6-1389-037BE0695223}
	EndGlobalSection
EndGlobal
